
Microsoft Visual Studio Solution File, Format Version 12.00
# Visual Studio Version 17
VisualStudioVersion = 17.13.35806.99 d17.13
MinimumVisualStudioVersion = 10.0.40219.1
Project("{FAE04EC0-301F-11D3-BF4B-00C04F79EFBC}") = "Cafe", "Cafe\Cafe.csproj", "{E4368E5D-9E24-4421-B960-FB52C8A0A2E5}"
EndProject
Global
	GlobalSection(SolutionConfigurationPlatforms) = preSolution
		Debug|Any CPU = Debug|Any CPU
		Release|Any CPU = Release|Any CPU
	EndGlobalSection
	GlobalSection(ProjectConfigurationPlatforms) = postSolution
		{E4368E5D-9E24-4421-B960-FB52C8A0A2E5}.Debug|Any CPU.ActiveCfg = Debug|Any CPU
		{E4368E5D-9E24-4421-B960-FB52C8A0A2E5}.Debug|Any CPU.Build.0 = Debug|Any CPU
		{E4368E5D-9E24-4421-B960-FB52C8A0A2E5}.Release|Any CPU.ActiveCfg = Release|Any CPU
		{E4368E5D-9E24-4421-B960-FB52C8A0A2E5}.Release|Any CPU.Build.0 = Release|Any CPU
	EndGlobalSection
	GlobalSection(SolutionProperties) = preSolution
		HideSolutionNode = FALSE
	EndGlobalSection
	GlobalSection(ExtensibilityGlobals) = postSolution
		SolutionGuid = {08FC4E14-DD2C-4D68-BDE8-305F80B26644}
	EndGlobalSection
EndGlobal
